github.com/sebastien-rosset/mod1 v0.0.0-20210104221911-f8eb7349ba2c h1:EJfMAolvUSLJKYMPF5MqiH7gt9QKXfpZtoL8zcO5HOg=
github.com/sebastien-rosset/mod1 v0.0.0-20210104221911-f8eb7349ba2c/go.mod h1:Jkus5YAtf4rMY/PI2rU6Oxy3dG0c7DWnZAHcK8ogF50=
github.com/sebastien-rosset/mod1 v0.0.0-20210104222034-6579d6d1f2ac h1:cpg3RXjq4715/lu+eWExLoGSlqfZDTTWxiuhvWAyAYo=
github.com/sebastien-rosset/mod1 v0.0.0-20210104222034-6579d6d1f2ac/go.mod h1:Jkus5YAtf4rMY/PI2rU6Oxy3dG0c7DWnZAHcK8ogF50=
github.com/sebastien-rosset/mod1 v0.0.0-20210104222454-7124816c3934 h1:7C3zYLUPyB2pG45cya5G+YWrZE6xhRTR7sKvQMyv0dM=
github.com/sebastien-rosset/mod1 v0.0.0-20210104222454-7124816c3934/go.mod h1:Jkus5YAtf4rMY/PI2rU6Oxy3dG0c7DWnZAHcK8ogF50=
